// !$*UTF8*$!
{
	archiveVersion = 1;
	classes = {
	};
	objectVersion = 46;
	objects = {

/* Begin PBXBuildFile section */
		96F92077196C598900E297FD /* Foundation.framework in Frameworks */ = {isa = PBXBuildFile; fileRef = 96F92076196C598900E297FD /* Foundation.framework */; };
		96F92079196C598900E297FD /* CoreGraphics.framework in Frameworks */ = {isa = PBXBuildFile; fileRef = 96F92078196C598900E297FD /* CoreGraphics.framework */; };
		96F9207B196C598900E297FD /* UIKit.framework in Frameworks */ = {isa = PBXBuildFile; fileRef = 96F9207A196C598900E297FD /* UIKit.framework */; };
		96F92081196C598900E297FD /* InfoPlist.strings in Resources */ = {isa = PBXBuildFile; fileRef = 96F9207F196C598900E297FD /* InfoPlist.strings */; };
		96F92083196C598900E297FD /* main.m in Sources */ = {isa = PBXBuildFile; fileRef = 96F92082196C598900E297FD /* main.m */; };
		96F92087196C598900E297FD /* TBAppDelegate.m in Sources */ = {isa = PBXBuildFile; fileRef = 96F92086196C598900E297FD /* TBAppDelegate.m */; };
		96F9208A196C598900E297FD /* Main.storyboard in Resources */ = {isa = PBXBuildFile; fileRef = 96F92088196C598900E297FD /* Main.storyboard */; };
		96F9208F196C598900E297FD /* Images.xcassets in Resources */ = {isa = PBXBuildFile; fileRef = 96F9208E196C598900E297FD /* Images.xcassets */; };
		96F92096196C598900E297FD /* XCTest.framework in Frameworks */ = {isa = PBXBuildFile; fileRef = 96F92095196C598900E297FD /* XCTest.framework */; };
		96F92097196C598900E297FD /* Foundation.framework in Frameworks */ = {isa = PBXBuildFile; fileRef = 96F92076196C598900E297FD /* Foundation.framework */; };
		96F92098196C598900E297FD /* UIKit.framework in Frameworks */ = {isa = PBXBuildFile; fileRef = 96F9207A196C598900E297FD /* UIKit.framework */; };
		96F920A0196C598900E297FD /* InfoPlist.strings in Resources */ = {isa = PBXBuildFile; fileRef = 96F9209E196C598900E297FD /* InfoPlist.strings */; };
		96F920A2196C598900E297FD /* SelectTableDemoTests.m in Sources */ = {isa = PBXBuildFile; fileRef = 96F920A1196C598900E297FD /* SelectTableDemoTests.m */; };
		96F920AE196C59BF00E297FD /* check@2x.png in Resources */ = {isa = PBXBuildFile; fileRef = 96F920AB196C59BF00E297FD /* check@2x.png */; };
		96F920AF196C59BF00E297FD /* clock@2x.png in Resources */ = {isa = PBXBuildFile; fileRef = 96F920AC196C59BF00E297FD /* clock@2x.png */; };
		96F920B0196C59BF00E297FD /* cross@2x.png in Resources */ = {isa = PBXBuildFile; fileRef = 96F920AD196C59BF00E297FD /* cross@2x.png */; };
		96F920B2196C59CC00E297FD /* list@2x.png in Resources */ = {isa = PBXBuildFile; fileRef = 96F920B1196C59CC00E297FD /* list@2x.png */; };
		96F920B7196C59E900E297FD /* TBCustonSelectTableViewCell.m in Sources */ = {isa = PBXBuildFile; fileRef = 96F920B4196C59E900E297FD /* TBCustonSelectTableViewCell.m */; };
		96F920B8196C59E900E297FD /* TBCustSelectTableView.m in Sources */ = {isa = PBXBuildFile; fileRef = 96F920B6196C59E900E297FD /* TBCustSelectTableView.m */; };
		96F920C0196C59F400E297FD /* TBSwipTableViewCell.m in Sources */ = {isa = PBXBuildFile; fileRef = 96F920BA196C59F400E297FD /* TBSwipTableViewCell.m */; };
		96F920C1196C59F400E297FD /* ViewController.m in Sources */ = {isa = PBXBuildFile; fileRef = 96F920BC196C59F400E297FD /* ViewController.m */; };
		96F920C2196C59F400E297FD /* tb_bg_checkbox_check@2x.png in Resources */ = {isa = PBXBuildFile; fileRef = 96F920BD196C59F400E297FD /* tb_bg_checkbox_check@2x.png */; };
		96F920C3196C59F400E297FD /* tb_bg_checkbox_disable@2x.png in Resources */ = {isa = PBXBuildFile; fileRef = 96F920BE196C59F400E297FD /* tb_bg_checkbox_disable@2x.png */; };
		96F920C4196C59F400E297FD /* tb_bg_checkbox_normal@2x.png in Resources */ = {isa = PBXBuildFile; fileRef = 96F920BF196C59F400E297FD /* tb_bg_checkbox_normal@2x.png */; };
/* End PBXBuildFile section */

/* Begin PBXContainerItemProxy section */
		96F92099196C598900E297FD /* PBXContainerItemProxy */ = {
			isa = PBXContainerItemProxy;
			containerPortal = 96F9206B196C598900E297FD /* Project object */;
			proxyType = 1;
			remoteGlobalIDString = 96F92072196C598900E297FD;
			remoteInfo = SelectTableDemo;
		};
/* End PBXContainerItemProxy section */

/* Begin PBXFileReference section */
		96F92073196C598900E297FD /* SelectTableDemo.app */ = {isa = PBXFileReference; explicitFileType = wrapper.application; includeInIndex = 0; path = SelectTableDemo.app; sourceTree = BUILT_PRODUCTS_DIR; };
		96F92076196C598900E297FD /* Foundation.framework */ = {isa = PBXFileReference; lastKnownFileType = wrapper.framework; name = Foundation.framework; path = System/Library/Frameworks/Foundation.framework; sourceTree = SDKROOT; };
		96F92078196C598900E297FD /* CoreGraphics.framework */ = {isa = PBXFileReference; lastKnownFileType = wrapper.framework; name = CoreGraphics.framework; path = System/Library/Frameworks/CoreGraphics.framework; sourceTree = SDKROOT; };
		96F9207A196C598900E297FD /* UIKit.framework */ = {isa = PBXFileReference; lastKnownFileType = wrapper.framework; name = UIKit.framework; path = System/Library/Frameworks/UIKit.framework; sourceTree = SDKROOT; };
		96F9207E196C598900E297FD /* SelectTableDemo-Info.plist */ = {isa = PBXFileReference; lastKnownFileType = text.plist.xml; path = "SelectTableDemo-Info.plist"; sourceTree = "<group>"; };
		96F92080196C598900E297FD /* en */ = {isa = PBXFileReference; lastKnownFileType = text.plist.strings; name = en; path = en.lproj/InfoPlist.strings; sourceTree = "<group>"; };
		96F92082196C598900E297FD /* main.m */ = {isa = PBXFileReference; lastKnownFileType = sourcecode.c.objc; path = main.m; sourceTree = "<group>"; };
		96F92084196C598900E297FD /* SelectTableDemo-Prefix.pch */ = {isa = PBXFileReference; lastKnownFileType = sourcecode.c.h; path = "SelectTableDemo-Prefix.pch"; sourceTree = "<group>"; };
		96F92085196C598900E297FD /* TBAppDelegate.h */ = {isa = PBXFileReference; lastKnownFileType = sourcecode.c.h; path = TBAppDelegate.h; sourceTree = "<group>"; };
		96F92086196C598900E297FD /* TBAppDelegate.m */ = {isa = PBXFileReference; lastKnownFileType = sourcecode.c.objc; path = TBAppDelegate.m; sourceTree = "<group>"; };
		96F92089196C598900E297FD /* Base */ = {isa = PBXFileReference; lastKnownFileType = file.storyboard; name = Base; path = Base.lproj/Main.storyboard; sourceTree = "<group>"; };
		96F9208E196C598900E297FD /* Images.xcassets */ = {isa = PBXFileReference; lastKnownFileType = folder.assetcatalog; path = Images.xcassets; sourceTree = "<group>"; };
		96F92094196C598900E297FD /* SelectTableDemoTests.xctest */ = {isa = PBXFileReference; explicitFileType = wrapper.cfbundle; includeInIndex = 0; path = SelectTableDemoTests.xctest; sourceTree = BUILT_PRODUCTS_DIR; };
		96F92095196C598900E297FD /* XCTest.framework */ = {isa = PBXFileReference; lastKnownFileType = wrapper.framework; name = XCTest.framework; path = Library/Frameworks/XCTest.framework; sourceTree = DEVELOPER_DIR; };
		96F9209D196C598900E297FD /* SelectTableDemoTests-Info.plist */ = {isa = PBXFileReference; lastKnownFileType = text.plist.xml; path = "SelectTableDemoTests-Info.plist"; sourceTree = "<group>"; };
		96F9209F196C598900E297FD /* en */ = {isa = PBXFileReference; lastKnownFileType = text.plist.strings; name = en; path = en.lproj/InfoPlist.strings; sourceTree = "<group>"; };
		96F920A1196C598900E297FD /* SelectTableDemoTests.m */ = {isa = PBXFileReference; lastKnownFileType = sourcecode.c.objc; path = SelectTableDemoTests.m; sourceTree = "<group>"; };
		96F920AB196C59BF00E297FD /* check@2x.png */ = {isa = PBXFileReference; lastKnownFileType = image.png; path = "check@2x.png"; sourceTree = "<group>"; };
		96F920AC196C59BF00E297FD /* clock@2x.png */ = {isa = PBXFileReference; lastKnownFileType = image.png; path = "clock@2x.png"; sourceTree = "<group>"; };
		96F920AD196C59BF00E297FD /* cross@2x.png */ = {isa = PBXFileReference; lastKnownFileType = image.png; path = "cross@2x.png"; sourceTree = "<group>"; };
		96F920B1196C59CC00E297FD /* list@2x.png */ = {isa = PBXFileReference; lastKnownFileType = image.png; path = "list@2x.png"; sourceTree = "<group>"; };
		96F920B3196C59E900E297FD /* TBCustonSelectTableViewCell.h */ = {isa = PBXFileReference; fileEncoding = 4; lastKnownFileType = sourcecode.c.h; path = TBCustonSelectTableViewCell.h; sourceTree = "<group>"; };
		96F920B4196C59E900E297FD /* TBCustonSelectTableViewCell.m */ = {isa = PBXFileReference; fileEncoding = 4; lastKnownFileType = sourcecode.c.objc; path = TBCustonSelectTableViewCell.m; sourceTree = "<group>"; };
		96F920B5196C59E900E297FD /* TBCustSelectTableView.h */ = {isa = PBXFileReference; fileEncoding = 4; lastKnownFileType = sourcecode.c.h; path = TBCustSelectTableView.h; sourceTree = "<group>"; };
		96F920B6196C59E900E297FD /* TBCustSelectTableView.m */ = {isa = PBXFileReference; fileEncoding = 4; lastKnownFileType = sourcecode.c.objc; path = TBCustSelectTableView.m; sourceTree = "<group>"; };
		96F920B9196C59F400E297FD /* TBSwipTableViewCell.h */ = {isa = PBXFileReference; fileEncoding = 4; lastKnownFileType = sourcecode.c.h; path = TBSwipTableViewCell.h; sourceTree = "<group>"; };
		96F920BA196C59F400E297FD /* TBSwipTableViewCell.m */ = {isa = PBXFileReference; fileEncoding = 4; lastKnownFileType = sourcecode.c.objc; path = TBSwipTableViewCell.m; sourceTree = "<group>"; };
		96F920BB196C59F400E297FD /* ViewController.h */ = {isa = PBXFileReference; fileEncoding = 4; lastKnownFileType = sourcecode.c.h; path = ViewController.h; sourceTree = "<group>"; };
		96F920BC196C59F400E297FD /* ViewController.m */ = {isa = PBXFileReference; fileEncoding = 4; lastKnownFileType = sourcecode.c.objc; path = ViewController.m; sourceTree = "<group>"; };
		96F920BD196C59F400E297FD /* tb_bg_checkbox_check@2x.png */ = {isa = PBXFileReference; lastKnownFileType = image.png; path = "tb_bg_checkbox_check@2x.png"; sourceTree = "<group>"; };
		96F920BE196C59F400E297FD /* tb_bg_checkbox_disable@2x.png */ = {isa = PBXFileReference; lastKnownFileType = image.png; path = "tb_bg_checkbox_disable@2x.png"; sourceTree = "<group>"; };
		96F920BF196C59F400E297FD /* tb_bg_checkbox_normal@2x.png */ = {isa = PBXFileReference; lastKnownFileType = image.png; path = "tb_bg_checkbox_normal@2x.png"; sourceTree = "<group>"; };
/* End PBXFileReference section */

/* Begin PBXFrameworksBuildPhase section */
		96F92070196C598900E297FD /* Frameworks */ = {
			isa = PBXFrameworksBuildPhase;
			buildActionMask = 2147483647;
			files = (
				96F92079196C598900E297FD /* CoreGraphics.framework in Frameworks */,
				96F9207B196C598900E297FD /* UIKit.framework in Frameworks */,
				96F92077196C598900E297FD /* Foundation.framework in Frameworks */,
			);
			runOnlyForDeploymentPostprocessing = 0;
		};
		96F92091196C598900E297FD /* Frameworks */ = {
			isa = PBXFrameworksBuildPhase;
			buildActionMask = 2147483647;
			files = (
				96F92096196C598900E297FD /* XCTest.framework in Frameworks */,
				96F92098196C598900E297FD /* UIKit.framework in Frameworks */,
				96F92097196C598900E297FD /* Foundation.framework in Frameworks */,
			);
			runOnlyForDeploymentPostprocessing = 0;
		};
/* End PBXFrameworksBuildPhase section */

/* Begin PBXGroup section */
		96F9206A196C598900E297FD = {
			isa = PBXGroup;
			children = (
				96F920B9196C59F400E297FD /* TBSwipTableViewCell.h */,
				96F920BA196C59F400E297FD /* TBSwipTableViewCell.m */,
				96F920BB196C59F400E297FD /* ViewController.h */,
				96F920BC196C59F400E297FD /* ViewController.m */,
				96F920BD196C59F400E297FD /* tb_bg_checkbox_check@2x.png */,
				96F920BE196C59F400E297FD /* tb_bg_checkbox_disable@2x.png */,
				96F920BF196C59F400E297FD /* tb_bg_checkbox_normal@2x.png */,
				96F920B3196C59E900E297FD /* TBCustonSelectTableViewCell.h */,
				96F920B4196C59E900E297FD /* TBCustonSelectTableViewCell.m */,
				96F920B5196C59E900E297FD /* TBCustSelectTableView.h */,
				96F920B6196C59E900E297FD /* TBCustSelectTableView.m */,
				96F9207C196C598900E297FD /* SelectTableDemo */,
				96F9209B196C598900E297FD /* SelectTableDemoTests */,
				96F92075196C598900E297FD /* Frameworks */,
				96F92074196C598900E297FD /* Products */,
			);
			sourceTree = "<group>";
		};
		96F92074196C598900E297FD /* Products */ = {
			isa = PBXGroup;
			children = (
				96F92073196C598900E297FD /* SelectTableDemo.app */,
				96F92094196C598900E297FD /* SelectTableDemoTests.xctest */,
			);
			name = Products;
			sourceTree = "<group>";
		};
		96F92075196C598900E297FD /* Frameworks */ = {
			isa = PBXGroup;
			children = (
				96F92076196C598900E297FD /* Foundation.framework */,
				96F92078196C598900E297FD /* CoreGraphics.framework */,
				96F9207A196C598900E297FD /* UIKit.framework */,
				96F92095196C598900E297FD /* XCTest.framework */,
			);
			name = Frameworks;
			sourceTree = "<group>";
		};
		96F9207C196C598900E297FD /* SelectTableDemo */ = {
			isa = PBXGroup;
			children = (
				96F920B1196C59CC00E297FD /* list@2x.png */,
				96F920AB196C59BF00E297FD /* check@2x.png */,
				96F920AC196C59BF00E297FD /* clock@2x.png */,
				96F920AD196C59BF00E297FD /* cross@2x.png */,
				96F92085196C598900E297FD /* TBAppDelegate.h */,
				96F92086196C598900E297FD /* TBAppDelegate.m */,
				96F92088196C598900E297FD /* Main.storyboard */,
				96F9208E196C598900E297FD /* Images.xcassets */,
				96F9207D196C598900E297FD /* Supporting Files */,
			);
			path = SelectTableDemo;
			sourceTree = "<group>";
		};
		96F9207D196C598900E297FD /* Supporting Files */ = {
			isa = PBXGroup;
			children = (
				96F9207E196C598900E297FD /* SelectTableDemo-Info.plist */,
				96F9207F196C598900E297FD /* InfoPlist.strings */,
				96F92082196C598900E297FD /* main.m */,
				96F92084196C598900E297FD /* SelectTableDemo-Prefix.pch */,
			);
			name = "Supporting Files";
			sourceTree = "<group>";
		};
		96F9209B196C598900E297FD /* SelectTableDemoTests */ = {
			isa = PBXGroup;
			children = (
				96F920A1196C598900E297FD /* SelectTableDemoTests.m */,
				96F9209C196C598900E297FD /* Supporting Files */,
			);
			path = SelectTableDemoTests;
			sourceTree = "<group>";
		};
		96F9209C196C598900E297FD /* Supporting Files */ = {
			isa = PBXGroup;
			children = (
				96F9209D196C598900E297FD /* SelectTableDemoTests-Info.plist */,
				96F9209E196C598900E297FD /* InfoPlist.strings */,
			);
			name = "Supporting Files";
			sourceTree = "<group>";
		};
/* End PBXGroup section */

/* Begin PBXNativeTarget section */
		96F92072196C598900E297FD /* SelectTableDemo */ = {
			isa = PBXNativeTarget;
			buildConfigurationList = 96F920A5196C598900E297FD /* Build configuration list for PBXNativeTarget "SelectTableDemo" */;
			buildPhases = (
				96F9206F196C598900E297FD /* Sources */,
				96F92070196C598900E297FD /* Frameworks */,
				96F92071196C598900E297FD /* Resources */,
			);
			buildRules = (
			);
			dependencies = (
			);
			name = SelectTableDemo;
			productName = SelectTableDemo;
			productReference = 96F92073196C598900E297FD /* SelectTableDemo.app */;
			productType = "com.apple.product-type.application";
		};
		96F92093196C598900E297FD /* SelectTableDemoTests */ = {
			isa = PBXNativeTarget;
			buildConfigurationList = 96F920A8196C598900E297FD /* Build configuration list for PBXNativeTarget "SelectTableDemoTests" */;
			buildPhases = (
				96F92090196C598900E297FD /* Sources */,
				96F92091196C598900E297FD /* Frameworks */,
				96F92092196C598900E297FD /* Resources */,
			);
			buildRules = (
			);
			dependencies = (
				96F9209A196C598900E297FD /* PBXTargetDependency */,
			);
			name = SelectTableDemoTests;
			productName = SelectTableDemoTests;
			productReference = 96F92094196C598900E297FD /* SelectTableDemoTests.xctest */;
			productType = "com.apple.product-type.bundle.unit-test";
		};
/* End PBXNativeTarget section */

/* Begin PBXProject section */
		96F9206B196C598900E297FD /* Project object */ = {
			isa = PBXProject;
			attributes = {
				CLASSPREFIX = TB;
				LastUpgradeCheck = 0510;
				ORGANIZATIONNAME = "___taobao___";
				TargetAttributes = {
					96F92093196C598900E297FD = {
						TestTargetID = 96F92072196C598900E297FD;
					};
				};
			};
			buildConfigurationList = 96F9206E196C598900E297FD /* Build configuration list for PBXProject "SelectTableDemo" */;
			compatibilityVersion = "Xcode 3.2";
			developmentRegion = English;
			hasScannedForEncodings = 0;
			knownRegions = (
				en,
				Base,
			);
			mainGroup = 96F9206A196C598900E297FD;
			productRefGroup = 96F92074196C598900E297FD /* Products */;
			projectDirPath = "";
			projectRoot = "";
			targets = (
				96F92072196C598900E297FD /* SelectTableDemo */,
				96F92093196C598900E297FD /* SelectTableDemoTests */,
			);
		};
/* End PBXProject section */

/* Begin PBXResourcesBuildPhase section */
		96F92071196C598900E297FD /* Resources */ = {
			isa = PBXResourcesBuildPhase;
			buildActionMask = 2147483647;
			files = (
				96F920B2196C59CC00E297FD /* list@2x.png in Resources */,
				96F920C2196C59F400E297FD /* tb_bg_checkbox_check@2x.png in Resources */,
				96F920AF196C59BF00E297FD /* clock@2x.png in Resources */,
				96F9208F196C598900E297FD /* Images.xcassets in Resources */,
				96F920C3196C59F400E297FD /* tb_bg_checkbox_disable@2x.png in Resources */,
				96F92081196C598900E297FD /* InfoPlist.strings in Resources */,
				96F9208A196C598900E297FD /* Main.storyboard in Resources */,
				96F920C4196C59F400E297FD /* tb_bg_checkbox_normal@2x.png in Resources */,
				96F920AE196C59BF00E297FD /* check@2x.png in Resources */,
				96F920B0196C59BF00E297FD /* cross@2x.png in Resources */,
			);
			runOnlyForDeploymentPostprocessing = 0;
		};
		96F92092196C598900E297FD /* Resources */ = {
			isa = PBXResourcesBuildPhase;
			buildActionMask = 2147483647;
			files = (
				96F920A0196C598900E297FD /* InfoPlist.strings in Resources */,
			);
			runOnlyForDeploymentPostprocessing = 0;
		};
/* End PBXResourcesBuildPhase section */

/* Begin PBXSourcesBuildPhase section */
		96F9206F196C598900E297FD /* Sources */ = {
			isa = PBXSourcesBuildPhase;
			buildActionMask = 2147483647;
			files = (
				96F920C1196C59F400E297FD /* ViewController.m in Sources */,
				96F920C0196C59F400E297FD /* TBSwipTableViewCell.m in Sources */,
				96F920B7196C59E900E297FD /* TBCustonSelectTableViewCell.m in Sources */,
				96F92087196C598900E297FD /* TBAppDelegate.m in Sources */,
				96F920B8196C59E900E297FD /* TBCustSelectTableView.m in Sources */,
				96F92083196C598900E297FD /* main.m in Sources */,
			);
			runOnlyForDeploymentPostprocessing = 0;
		};
		96F92090196C598900E297FD /* Sources */ = {
			isa = PBXSourcesBuildPhase;
			buildActionMask = 2147483647;
			files = (
				96F920A2196C598900E297FD /* SelectTableDemoTests.m in Sources */,
			);
			runOnlyForDeploymentPostprocessing = 0;
		};
/* End PBXSourcesBuildPhase section */

/* Begin PBXTargetDependency section */
		96F9209A196C598900E297FD /* PBXTargetDependency */ = {
			isa = PBXTargetDependency;
			target = 96F92072196C598900E297FD /* SelectTableDemo */;
			targetProxy = 96F92099196C598900E297FD /* PBXContainerItemProxy */;
		};
/* End PBXTargetDependency section */

/* Begin PBXVariantGroup section */
		96F9207F196C598900E297FD /* InfoPlist.strings */ = {
			isa = PBXVariantGroup;
			children = (
				96F92080196C598900E297FD /* en */,
			);
			name = InfoPlist.strings;
			sourceTree = "<group>";
		};
		96F92088196C598900E297FD /* Main.storyboard */ = {
			isa = PBXVariantGroup;
			children = (
				96F92089196C598900E297FD /* Base */,
			);
			name = Main.storyboard;
			sourceTree = "<group>";
		};
		96F9209E196C598900E297FD /* InfoPlist.strings */ = {
			isa = PBXVariantGroup;
			children = (
				96F9209F196C598900E297FD /* en */,
			);
			name = InfoPlist.strings;
			sourceTree = "<group>";
		};
/* End PBXVariantGroup section */

/* Begin XCBuildConfiguration section */
		96F920A3196C598900E297FD /* Debug */ = {
			isa = XCBuildConfiguration;
			buildSettings = {
				ALWAYS_SEARCH_USER_PATHS = NO;
				CLANG_CXX_LANGUAGE_STANDARD = "gnu++0x";
				CLANG_CXX_LIBRARY = "libc++";
				CLANG_ENABLE_MODULES = YES;
				CLANG_ENABLE_OBJC_ARC = YES;
				CLANG_WARN_BOOL_CONVERSION = YES;
				CLANG_WARN_CONSTANT_CONVERSION = YES;
				CLANG_WARN_DIRECT_OBJC_ISA_USAGE = YES_ERROR;
				CLANG_WARN_EMPTY_BODY = YES;
				CLANG_WARN_ENUM_CONVERSION = YES;
				CLANG_WARN_INT_CONVERSION = YES;
				CLANG_WARN_OBJC_ROOT_CLASS = YES_ERROR;
				CLANG_WARN__DUPLICATE_METHOD_MATCH = YES;
				"CODE_SIGN_IDENTITY[sdk=iphoneos*]" = "iPhone Developer";
				COPY_PHASE_STRIP = NO;
				GCC_C_LANGUAGE_STANDARD = gnu99;
				GCC_DYNAMIC_NO_PIC = NO;
				GCC_OPTIMIZATION_LEVEL = 0;
				GCC_PREPROCESSOR_DEFINITIONS = (
					"DEBUG=1",
					"$(inherited)",
				);
				GCC_SYMBOLS_PRIVATE_EXTERN = NO;
				GCC_WARN_64_TO_32_BIT_CONVERSION = YES;
				GCC_WARN_ABOUT_RETURN_TYPE = YES_ERROR;
				GCC_WARN_UNDECLARED_SELECTOR = YES;
				GCC_WARN_UNINITIALIZED_AUTOS = YES_AGGRESSIVE;
				GCC_WARN_UNUSED_FUNCTION = YES;
				GCC_WARN_UNUSED_VARIABLE = YES;
				IPHONEOS_DEPLOYMENT_TARGET = 7.1;
				ONLY_ACTIVE_ARCH = YES;
				SDKROOT = iphoneos;
			};
			name = Debug;
		};
		96F920A4196C598900E297FD /* Release */ = {
			isa = XCBuildConfiguration;
			buildSettings = {
				ALWAYS_SEARCH_USER_PATHS = NO;
				CLANG_CXX_LANGUAGE_STANDARD = "gnu++0x";
				CLANG_CXX_LIBRARY = "libc++";
				CLANG_ENABLE_MODULES = YES;
				CLANG_ENABLE_OBJC_ARC = YES;
				CLANG_WARN_BOOL_CONVERSION = YES;
				CLANG_WARN_CONSTANT_CONVERSION = YES;
				CLANG_WARN_DIRECT_OBJC_ISA_USAGE = YES_ERROR;
				CLANG_WARN_EMPTY_BODY = YES;
				CLANG_WARN_ENUM_CONVERSION = YES;
				CLANG_WARN_INT_CONVERSION = YES;
				CLANG_WARN_OBJC_ROOT_CLASS = YES_ERROR;
				CLANG_WARN__DUPLICATE_METHOD_MATCH = YES;
				"CODE_SIGN_IDENTITY[sdk=iphoneos*]" = "iPhone Developer";
				COPY_PHASE_STRIP = YES;
				ENABLE_NS_ASSERTIONS = NO;
				GCC_C_LANGUAGE_STANDARD = gnu99;
				GCC_WARN_64_TO_32_BIT_CONVERSION = YES;
				GCC_WARN_ABOUT_RETURN_TYPE = YES_ERROR;
				GCC_WARN_UNDECLARED_SELECTOR = YES;
				GCC_WARN_UNINITIALIZED_AUTOS = YES_AGGRESSIVE;
				GCC_WARN_UNUSED_FUNCTION = YES;
				GCC_WARN_UNUSED_VARIABLE = YES;
				IPHONEOS_DEPLOYMENT_TARGET = 7.1;
				SDKROOT = iphoneos;
				VALIDATE_PRODUCT = YES;
			};
			name = Release;
		};
		96F920A6196C598900E297FD /* Debug */ = {
			isa = XCBuildConfiguration;
			buildSettings = {
				ASSETCATALOG_COMPILER_APPICON_NAME = AppIcon;
				ASSETCATALOG_COMPILER_LAUNCHIMAGE_NAME = LaunchImage;
				GCC_PRECOMPILE_PREFIX_HEADER = YES;
				GCC_PREFIX_HEADER = "SelectTableDemo/SelectTableDemo-Prefix.pch";
				INFOPLIST_FILE = "SelectTableDemo/SelectTableDemo-Info.plist";
				PRODUCT_NAME = "$(TARGET_NAME)";
				WRAPPER_EXTENSION = app;
			};
			name = Debug;
		};
		96F920A7196C598900E297FD /* Release */ = {
			isa = XCBuildConfiguration;
			buildSettings = {
				ASSETCATALOG_COMPILER_APPICON_NAME = AppIcon;
				ASSETCATALOG_COMPILER_LAUNCHIMAGE_NAME = LaunchImage;
				GCC_PRECOMPILE_PREFIX_HEADER = YES;
				GCC_PREFIX_HEADER = "SelectTableDemo/SelectTableDemo-Prefix.pch";
				INFOPLIST_FILE = "SelectTableDemo/SelectTableDemo-Info.plist";
				PRODUCT_NAME = "$(TARGET_NAME)";
				WRAPPER_EXTENSION = app;
			};
			name = Release;
		};
		96F920A9196C598900E297FD /* Debug */ = {
			isa = XCBuildConfiguration;
			buildSettings = {
				BUNDLE_LOADER = "$(BUILT_PRODUCTS_DIR)/SelectTableDemo.app/SelectTableDemo";
				FRAMEWORK_SEARCH_PATHS = (
					"$(SDKROOT)/Developer/Library/Frameworks",
					"$(inherited)",
					"$(DEVELOPER_FRAMEWORKS_DIR)",
				);
				GCC_PRECOMPILE_PREFIX_HEADER = YES;
				GCC_PREFIX_HEADER = "SelectTableDemo/SelectTableDemo-Prefix.pch";
				GCC_PREPROCESSOR_DEFINITIONS = (
					"DEBUG=1",
					"$(inherited)",
				);
				INFOPLIST_FILE = "SelectTableDemoTests/SelectTableDemoTests-Info.plist";
				PRODUCT_NAME = "$(TARGET_NAME)";
				TEST_HOST = "$(BUNDLE_LOADER)";
				WRAPPER_EXTENSION = xctest;
			};
			name = Debug;
		};
		96F920AA196C598900E297FD /* Release */ = {
			isa = XCBuildConfiguration;
			buildSettings = {
				BUNDLE_LOADER = "$(BUILT_PRODUCTS_DIR)/SelectTableDemo.app/SelectTableDemo";
				FRAMEWORK_SEARCH_PATHS = (
					"$(SDKROOT)/Developer/Library/Frameworks",
					"$(inherited)",
					"$(DEVELOPER_FRAMEWORKS_DIR)",
				);
				GCC_PRECOMPILE_PREFIX_HEADER = YES;
				GCC_PREFIX_HEADER = "SelectTableDemo/SelectTableDemo-Prefix.pch";
				INFOPLIST_FILE = "SelectTableDemoTests/SelectTableDemoTests-Info.plist";
				PRODUCT_NAME = "$(TARGET_NAME)";
				TEST_HOST = "$(BUNDLE_LOADER)";
				WRAPPER_EXTENSION = xctest;
			};
			name = Release;
		};
/* End XCBuildConfiguration section */

/* Begin XCConfigurationList section */
		96F9206E196C598900E297FD /* Build configuration list for PBXProject "SelectTableDemo" */ = {
			isa = XCConfigurationList;
			buildConfigurations = (
				96F920A3196C598900E297FD /* Debug */,
				96F920A4196C598900E297FD /* Release */,
			);
			defaultConfigurationIsVisible = 0;
			defaultConfigurationName = Release;
		};
		96F920A5196C598900E297FD /* Build configuration list for PBXNativeTarget "SelectTableDemo" */ = {
			isa = XCConfigurationList;
			buildConfigurations = (
				96F920A6196C598900E297FD /* Debug */,
				96F920A7196C598900E297FD /* Release */,
			);
			defaultConfigurationIsVisible = 0;
			defaultConfigurationName = Release;
		};
		96F920A8196C598900E297FD /* Build configuration list for PBXNativeTarget "SelectTableDemoTests" */ = {
			isa = XCConfigurationList;
			buildConfigurations = (
				96F920A9196C598900E297FD /* Debug */,
				96F920AA196C598900E297FD /* Release */,
			);
			defaultConfigurationIsVisible = 0;
			defaultConfigurationName = Release;
		};
/* End XCConfigurationList section */
	};
	rootObject = 96F9206B196C598900E297FD /* Project object */;
}
